
Microsoft Visual Studio Solution File, Format Version 12.00
# Visual Studio Version 16
VisualStudioVersion = 16.0.33027.164
MinimumVisualStudioVersion = 10.0.40219.1
Project("{9A19103F-16F7-4668-BE54-9A1E7A4F7556}") = "DataAccess", "DataAccess\DataAccess.csproj", "{83DE6453-0753-4BF2-B335-A1066C7C68A2}"
EndProject
Project("{9A19103F-16F7-4668-BE54-9A1E7A4F7556}") = "Business", "Business\Business.csproj", "{BD57A09A-09CF-45F5-A9ED-8750178CAC81}"
EndProject
Project("{9A19103F-16F7-4668-BE54-9A1E7A4F7556}") = "Entities", "Entities\Entities.csproj", "{3B8889E6-77F2-4803-8C47-A2922A1E470E}"
EndProject
Project("{9A19103F-16F7-4668-BE54-9A1E7A4F7556}") = "ConsoleUI", "ConsoleUI\ConsoleUI.csproj", "{A82A5D3A-B133-4188-9D33-F987CBAEE903}"
EndProject
Project("{9A19103F-16F7-4668-BE54-9A1E7A4F7556}") = "Core", "Core\Core.csproj", "{8122F29A-1FBF-4507-A159-1F9EAAFCD4A3}"
EndProject
Project("{FAE04EC0-301F-11D3-BF4B-00C04F79EFBC}") = "WebAPI", "WebAPI\WebAPI.csproj", "{BDF1CA9A-7075-413D-958B-2ABDD1B89DE7}"
EndProject
Global
	GlobalSection(SolutionConfigurationPlatforms) = preSolution
		Debug|Any CPU = Debug|Any CPU
		Release|Any CPU = Release|Any CPU
	EndGlobalSection
	GlobalSection(ProjectConfigurationPlatforms) = postSolution
		{83DE6453-0753-4BF2-B335-A1066C7C68A2}.Debug|Any CPU.ActiveCfg = Debug|Any CPU
		{83DE6453-0753-4BF2-B335-A1066C7C68A2}.Debug|Any CPU.Build.0 = Debug|Any CPU
		{83DE6453-0753-4BF2-B335-A1066C7C68A2}.Release|Any CPU.ActiveCfg = Release|Any CPU
		{83DE6453-0753-4BF2-B335-A1066C7C68A2}.Release|Any CPU.Build.0 = Release|Any CPU
		{BD57A09A-09CF-45F5-A9ED-8750178CAC81}.Debug|Any CPU.ActiveCfg = Debug|Any CPU
		{BD57A09A-09CF-45F5-A9ED-8750178CAC81}.Debug|Any CPU.Build.0 = Debug|Any CPU
		{BD57A09A-09CF-45F5-A9ED-8750178CAC81}.Release|Any CPU.ActiveCfg = Release|Any CPU
		{BD57A09A-09CF-45F5-A9ED-8750178CAC81}.Release|Any CPU.Build.0 = Release|Any CPU
		{3B8889E6-77F2-4803-8C47-A2922A1E470E}.Debug|Any CPU.ActiveCfg = Debug|Any CPU
		{3B8889E6-77F2-4803-8C47-A2922A1E470E}.Debug|Any CPU.Build.0 = Debug|Any CPU
		{3B8889E6-77F2-4803-8C47-A2922A1E470E}.Release|Any CPU.ActiveCfg = Release|Any CPU
		{3B8889E6-77F2-4803-8C47-A2922A1E470E}.Release|Any CPU.Build.0 = Release|Any CPU
		{A82A5D3A-B133-4188-9D33-F987CBAEE903}.Debug|Any CPU.ActiveCfg = Debug|Any CPU
		{A82A5D3A-B133-4188-9D33-F987CBAEE903}.Debug|Any CPU.Build.0 = Debug|Any CPU
		{A82A5D3A-B133-4188-9D33-F987CBAEE903}.Release|Any CPU.ActiveCfg = Release|Any CPU
		{A82A5D3A-B133-4188-9D33-F987CBAEE903}.Release|Any CPU.Build.0 = Release|Any CPU
		{8122F29A-1FBF-4507-A159-1F9EAAFCD4A3}.Debug|Any CPU.ActiveCfg = Debug|Any CPU
		{8122F29A-1FBF-4507-A159-1F9EAAFCD4A3}.Debug|Any CPU.Build.0 = Debug|Any CPU
		{8122F29A-1FBF-4507-A159-1F9EAAFCD4A3}.Release|Any CPU.ActiveCfg = Release|Any CPU
		{8122F29A-1FBF-4507-A159-1F9EAAFCD4A3}.Release|Any CPU.Build.0 = Release|Any CPU
		{BDF1CA9A-7075-413D-958B-2ABDD1B89DE7}.Debug|Any CPU.ActiveCfg = Debug|Any CPU
		{BDF1CA9A-7075-413D-958B-2ABDD1B89DE7}.Debug|Any CPU.Build.0 = Debug|Any CPU
		{BDF1CA9A-7075-413D-958B-2ABDD1B89DE7}.Release|Any CPU.ActiveCfg = Release|Any CPU
		{BDF1CA9A-7075-413D-958B-2ABDD1B89DE7}.Release|Any CPU.Build.0 = Release|Any CPU
	EndGlobalSection
	GlobalSection(SolutionProperties) = preSolution
		HideSolutionNode = FALSE
	EndGlobalSection
	GlobalSection(ExtensibilityGlobals) = postSolution
		SolutionGuid = {7A004FF5-8288-4811-8554-10DD5D533B2A}
	EndGlobalSection
EndGlobal
